dependencies:
- name: rabbitmq
  repository: https://charts.bitnami.com/bitnami
  version: 7.8.0
- name: postgresql
  repository: https://charts.bitnami.com/bitnami
  version: 9.8.11
- name: minio
  repository: https://helm.min.io/
  version: 8.0.9
digest: sha256:435dcc8bac688546af6796ae28b05518d2ca065452a145924b00a18dc2362295
generated: "2021-01-18T20:19:43.321526+01:00"
