dependencies:
- name: rabbitmq
  repository: https://charts.bitnami.com/bitnami
  version: 10.3.6
- name: postgresql
  repository: https://charts.bitnami.com/bitnami
  version: 11.9.1
- name: minio
  repository: https://charts.bitnami.com/bitnami
  version: 11.10.3
digest: sha256:402fe7dacea276f5fb96caa8e4837bcb6309d3bb2e41dc7113adfaaf78ca6e66
generated: "2022-09-28T11:25:46.960695+02:00"
